
Microsoft Visual Studio Solution File, Format Version 12.00
# Visual Studio Version 17
VisualStudioVersion = 17.0.31903.59
MinimumVisualStudioVersion = 10.0.40219.1
Project("{FAE04EC0-301F-11D3-BF4B-00C04F79EFBC}") = "FillSpheres", "FillSpheres\FillSpheres.csproj", "{91985176-E8A9-4DC1-908F-933270D69CE2}"
EndProject
Project("{FAE04EC0-301F-11D3-BF4B-00C04F79EFBC}") = "BetterFillSpheres", "BetterFillSpheres\BetterFillSpheres.csproj", "{16702CE1-3F82-48EC-BF4D-AFC571F19649}"
EndProject
Project("{FAE04EC0-301F-11D3-BF4B-00C04F79EFBC}") = "JustScored", "JustScored\JustScored.csproj", "{4EF491DF-0A44-46F1-8E61-901A117EE738}"
EndProject
Global
	GlobalSection(SolutionConfigurationPlatforms) = preSolution
		Debug|Any CPU = Debug|Any CPU
		Release|Any CPU = Release|Any CPU
	EndGlobalSection
	GlobalSection(SolutionProperties) = preSolution
		HideSolutionNode = FALSE
	EndGlobalSection
	GlobalSection(ProjectConfigurationPlatforms) = postSolution
		{91985176-E8A9-4DC1-908F-933270D69CE2}.Debug|Any CPU.ActiveCfg = Debug|Any CPU
		{91985176-E8A9-4DC1-908F-933270D69CE2}.Debug|Any CPU.Build.0 = Debug|Any CPU
		{91985176-E8A9-4DC1-908F-933270D69CE2}.Release|Any CPU.ActiveCfg = Release|Any CPU
		{91985176-E8A9-4DC1-908F-933270D69CE2}.Release|Any CPU.Build.0 = Release|Any CPU
		{16702CE1-3F82-48EC-BF4D-AFC571F19649}.Debug|Any CPU.ActiveCfg = Debug|Any CPU
		{16702CE1-3F82-48EC-BF4D-AFC571F19649}.Debug|Any CPU.Build.0 = Debug|Any CPU
		{16702CE1-3F82-48EC-BF4D-AFC571F19649}.Release|Any CPU.ActiveCfg = Release|Any CPU
		{16702CE1-3F82-48EC-BF4D-AFC571F19649}.Release|Any CPU.Build.0 = Release|Any CPU
		{4EF491DF-0A44-46F1-8E61-901A117EE738}.Debug|Any CPU.ActiveCfg = Debug|Any CPU
		{4EF491DF-0A44-46F1-8E61-901A117EE738}.Debug|Any CPU.Build.0 = Debug|Any CPU
		{4EF491DF-0A44-46F1-8E61-901A117EE738}.Release|Any CPU.ActiveCfg = Release|Any CPU
		{4EF491DF-0A44-46F1-8E61-901A117EE738}.Release|Any CPU.Build.0 = Release|Any CPU
	EndGlobalSection
EndGlobal
